// !$*UTF8*$!
{
	archiveVersion = 1;
	classes = {
	};
	objectVersion = 46;
	objects = {

/* Begin PBXBuildFile section */
		0FA433331B60C1900027CCF0 /* OtherViewController.swift in Sources */ = {isa = PBXBuildFile; fileRef = 0FA433321B60C1900027CCF0 /* OtherViewController.swift */; };
		0FA433351B6C0A1B0027CCF0 /* OtherTwoViewController.swift in Sources */ = {isa = PBXBuildFile; fileRef = 0FA433341B6C0A1B0027CCF0 /* OtherTwoViewController.swift */; };
		0FA433371B6D7CF90027CCF0 /* DrawArchView.swift in Sources */ = {isa = PBXBuildFile; fileRef = 0FA433361B6D7CF90027CCF0 /* DrawArchView.swift */; };
		0FA433391B75D7E90027CCF0 /* DrawCircleView.swift in Sources */ = {isa = PBXBuildFile; fileRef = 0FA433381B75D7E90027CCF0 /* DrawCircleView.swift */; };
		0FC1FBB11B4BB53300DFD7DA /* AppDelegate.swift in Sources */ = {isa = PBXBuildFile; fileRef = 0FC1FBB01B4BB53300DFD7DA /* AppDelegate.swift */; };
		0FC1FBB31B4BB53300DFD7DA /* ViewController.swift in Sources */ = {isa = PBXBuildFile; fileRef = 0FC1FBB21B4BB53300DFD7DA /* ViewController.swift */; };
		0FC1FBB61B4BB53300DFD7DA /* Main.storyboard in Resources */ = {isa = PBXBuildFile; fileRef = 0FC1FBB41B4BB53300DFD7DA /* Main.storyboard */; };
		0FC1FBB81B4BB53300DFD7DA /* Images.xcassets in Resources */ = {isa = PBXBuildFile; fileRef = 0FC1FBB71B4BB53300DFD7DA /* Images.xcassets */; };
		0FC1FBBB1B4BB53300DFD7DA /* LaunchScreen.xib in Resources */ = {isa = PBXBuildFile; fileRef = 0FC1FBB91B4BB53300DFD7DA /* LaunchScreen.xib */; };
		0FC1FBC71B4BB53300DFD7DA /* Mystery103Tests.swift in Sources */ = {isa = PBXBuildFile; fileRef = 0FC1FBC61B4BB53300DFD7DA /* Mystery103Tests.swift */; };
		0FC1FBD11B52720400DFD7DA /* BigButtonView.swift in Sources */ = {isa = PBXBuildFile; fileRef = 0FC1FBD01B52720400DFD7DA /* BigButtonView.swift */; };
/* End PBXBuildFile section */

/* Begin PBXContainerItemProxy section */
		0FC1FBC11B4BB53300DFD7DA /* PBXContainerItemProxy */ = {
			isa = PBXContainerItemProxy;
			containerPortal = 0FC1FBA31B4BB53300DFD7DA /* Project object */;
			proxyType = 1;
			remoteGlobalIDString = 0FC1FBAA1B4BB53300DFD7DA;
			remoteInfo = Mystery103;
		};
/* End PBXContainerItemProxy section */

/* Begin PBXFileReference section */
		0FA433321B60C1900027CCF0 /* OtherViewController.swift */ = {isa = PBXFileReference; fileEncoding = 4; lastKnownFileType = sourcecode.swift; name = OtherViewController.swift; path = Mystery103/OtherViewController.swift; sourceTree = "<group>"; };
		0FA433341B6C0A1B0027CCF0 /* OtherTwoViewController.swift */ = {isa = PBXFileReference; fileEncoding = 4; lastKnownFileType = sourcecode.swift; name = OtherTwoViewController.swift; path = Mystery103/OtherTwoViewController.swift; sourceTree = "<group>"; };
		0FA433361B6D7CF90027CCF0 /* DrawArchView.swift */ = {isa = PBXFileReference; fileEncoding = 4; lastKnownFileType = sourcecode.swift; name = DrawArchView.swift; path = Mystery103/DrawArchView.swift; sourceTree = "<group>"; };
		0FA433381B75D7E90027CCF0 /* DrawCircleView.swift */ = {isa = PBXFileReference; fileEncoding = 4; lastKnownFileType = sourcecode.swift; name = DrawCircleView.swift; path = Mystery103/DrawCircleView.swift; sourceTree = "<group>"; };
		0FC1FBAB1B4BB53300DFD7DA /* Mystery103.app */ = {isa = PBXFileReference; explicitFileType = wrapper.application; includeInIndex = 0; path = Mystery103.app; sourceTree = BUILT_PRODUCTS_DIR; };
		0FC1FBAF1B4BB53300DFD7DA /* Info.plist */ = {isa = PBXFileReference; lastKnownFileType = text.plist.xml; path = Info.plist; sourceTree = "<group>"; };
		0FC1FBB01B4BB53300DFD7DA /* AppDelegate.swift */ = {isa = PBXFileReference; lastKnownFileType = sourcecode.swift; path = AppDelegate.swift; sourceTree = "<group>"; };
		0FC1FBB21B4BB53300DFD7DA /* ViewController.swift */ = {isa = PBXFileReference; lastKnownFileType = sourcecode.swift; path = ViewController.swift; sourceTree = "<group>"; };
		0FC1FBB51B4BB53300DFD7DA /* Base */ = {isa = PBXFileReference; lastKnownFileType = file.storyboard; name = Base; path = Base.lproj/Main.storyboard; sourceTree = "<group>"; };
		0FC1FBB71B4BB53300DFD7DA /* Images.xcassets */ = {isa = PBXFileReference; lastKnownFileType = folder.assetcatalog; path = Images.xcassets; sourceTree = "<group>"; };
		0FC1FBBA1B4BB53300DFD7DA /* Base */ = {isa = PBXFileReference; lastKnownFileType = file.xib; name = Base; path = Base.lproj/LaunchScreen.xib; sourceTree = "<group>"; };
		0FC1FBC01B4BB53300DFD7DA /* Mystery103Tests.xctest */ = {isa = PBXFileReference; explicitFileType = wrapper.cfbundle; includeInIndex = 0; path = Mystery103Tests.xctest; sourceTree = BUILT_PRODUCTS_DIR; };
		0FC1FBC51B4BB53300DFD7DA /* Info.plist */ = {isa = PBXFileReference; lastKnownFileType = text.plist.xml; path = Info.plist; sourceTree = "<group>"; };
		0FC1FBC61B4BB53300DFD7DA /* Mystery103Tests.swift */ = {isa = PBXFileReference; lastKnownFileType = sourcecode.swift; path = Mystery103Tests.swift; sourceTree = "<group>"; };
		0FC1FBD01B52720400DFD7DA /* BigButtonView.swift */ = {isa = PBXFileReference; fileEncoding = 4; lastKnownFileType = sourcecode.swift; path = BigButtonView.swift; sourceTree = "<group>"; };
/* End PBXFileReference section */

/* Begin PBXFrameworksBuildPhase section */
		0FC1FBA81B4BB53300DFD7DA /* Frameworks */ = {
			isa = PBXFrameworksBuildPhase;
			buildActionMask = 2147483647;
			files = (
			);
			runOnlyForDeploymentPostprocessing = 0;
		};
		0FC1FBBD1B4BB53300DFD7DA /* Frameworks */ = {
			isa = PBXFrameworksBuildPhase;
			buildActionMask = 2147483647;
			files = (
			);
			runOnlyForDeploymentPostprocessing = 0;
		};
/* End PBXFrameworksBuildPhase section */

/* Begin PBXGroup section */
		0FC1FBA21B4BB53300DFD7DA = {
			isa = PBXGroup;
			children = (
				0FA433381B75D7E90027CCF0 /* DrawCircleView.swift */,
				0FA433361B6D7CF90027CCF0 /* DrawArchView.swift */,
				0FA433341B6C0A1B0027CCF0 /* OtherTwoViewController.swift */,
				0FA433321B60C1900027CCF0 /* OtherViewController.swift */,
				0FC1FBAD1B4BB53300DFD7DA /* Mystery103 */,
				0FC1FBC31B4BB53300DFD7DA /* Mystery103Tests */,
				0FC1FBAC1B4BB53300DFD7DA /* Products */,
			);
			sourceTree = "<group>";
		};
		0FC1FBAC1B4BB53300DFD7DA /* Products */ = {
			isa = PBXGroup;
			children = (
				0FC1FBAB1B4BB53300DFD7DA /* Mystery103.app */,
				0FC1FBC01B4BB53300DFD7DA /* Mystery103Tests.xctest */,
			);
			name = Products;
			sourceTree = "<group>";
		};
		0FC1FBAD1B4BB53300DFD7DA /* Mystery103 */ = {
			isa = PBXGroup;
			children = (
				0FC1FBB01B4BB53300DFD7DA /* AppDelegate.swift */,
				0FC1FBB21B4BB53300DFD7DA /* ViewController.swift */,
				0FC1FBB41B4BB53300DFD7DA /* Main.storyboard */,
				0FC1FBD01B52720400DFD7DA /* BigButtonView.swift */,
				0FC1FBB91B4BB53300DFD7DA /* LaunchScreen.xib */,
				0FC1FBAE1B4BB53300DFD7DA /* Supporting Files */,
			);
			path = Mystery103;
			sourceTree = "<group>";
		};
		0FC1FBAE1B4BB53300DFD7DA /* Supporting Files */ = {
			isa = PBXGroup;
			children = (
				0FC1FBB71B4BB53300DFD7DA /* Images.xcassets */,
				0FC1FBAF1B4BB53300DFD7DA /* Info.plist */,
			);
			name = "Supporting Files";
			sourceTree = "<group>";
		};
		0FC1FBC31B4BB53300DFD7DA /* Mystery103Tests */ = {
			isa = PBXGroup;
			children = (
				0FC1FBC61B4BB53300DFD7DA /* Mystery103Tests.swift */,
				0FC1FBC41B4BB53300DFD7DA /* Supporting Files */,
			);
			path = Mystery103Tests;
			sourceTree = "<group>";
		};
		0FC1FBC41B4BB53300DFD7DA /* Supporting Files */ = {
			isa = PBXGroup;
			children = (
				0FC1FBC51B4BB53300DFD7DA /* Info.plist */,
			);
			name = "Supporting Files";
			sourceTree = "<group>";
		};
/* End PBXGroup section */

/* Begin PBXNativeTarget section */
		0FC1FBAA1B4BB53300DFD7DA /* Mystery103 */ = {
			isa = PBXNativeTarget;
			buildConfigurationList = 0FC1FBCA1B4BB53300DFD7DA /* Build configuration list for PBXNativeTarget "Mystery103" */;
			buildPhases = (
				0FC1FBA71B4BB53300DFD7DA /* Sources */,
				0FC1FBA81B4BB53300DFD7DA /* Frameworks */,
				0FC1FBA91B4BB53300DFD7DA /* Resources */,
			);
			buildRules = (
			);
			dependencies = (
			);
			name = Mystery103;
			productName = Mystery103;
			productReference = 0FC1FBAB1B4BB53300DFD7DA /* Mystery103.app */;
			productType = "com.apple.product-type.application";
		};
		0FC1FBBF1B4BB53300DFD7DA /* Mystery103Tests */ = {
			isa = PBXNativeTarget;
			buildConfigurationList = 0FC1FBCD1B4BB53300DFD7DA /* Build configuration list for PBXNativeTarget "Mystery103Tests" */;
			buildPhases = (
				0FC1FBBC1B4BB53300DFD7DA /* Sources */,
				0FC1FBBD1B4BB53300DFD7DA /* Frameworks */,
				0FC1FBBE1B4BB53300DFD7DA /* Resources */,
			);
			buildRules = (
			);
			dependencies = (
				0FC1FBC21B4BB53300DFD7DA /* PBXTargetDependency */,
			);
			name = Mystery103Tests;
			productName = Mystery103Tests;
			productReference = 0FC1FBC01B4BB53300DFD7DA /* Mystery103Tests.xctest */;
			productType = "com.apple.product-type.bundle.unit-test";
		};
/* End PBXNativeTarget section */

/* Begin PBXProject section */
		0FC1FBA31B4BB53300DFD7DA /* Project object */ = {
			isa = PBXProject;
			attributes = {
				LastUpgradeCheck = 0610;
				ORGANIZATIONNAME = "David Romanowski";
				TargetAttributes = {
					0FC1FBAA1B4BB53300DFD7DA = {
						CreatedOnToolsVersion = 6.1.1;
					};
					0FC1FBBF1B4BB53300DFD7DA = {
						CreatedOnToolsVersion = 6.1.1;
						TestTargetID = 0FC1FBAA1B4BB53300DFD7DA;
					};
				};
			};
			buildConfigurationList = 0FC1FBA61B4BB53300DFD7DA /* Build configuration list for PBXProject "Mystery103" */;
			compatibilityVersion = "Xcode 3.2";
			developmentRegion = English;
			hasScannedForEncodings = 0;
			knownRegions = (
				en,
				Base,
			);
			mainGroup = 0FC1FBA21B4BB53300DFD7DA;
			productRefGroup = 0FC1FBAC1B4BB53300DFD7DA /* Products */;
			projectDirPath = "";
			projectRoot = "";
			targets = (
				0FC1FBAA1B4BB53300DFD7DA /* Mystery103 */,
				0FC1FBBF1B4BB53300DFD7DA /* Mystery103Tests */,
			);
		};
/* End PBXProject section */

/* Begin PBXResourcesBuildPhase section */
		0FC1FBA91B4BB53300DFD7DA /* Resources */ = {
			isa = PBXResourcesBuildPhase;
			buildActionMask = 2147483647;
			files = (
				0FC1FBB61B4BB53300DFD7DA /* Main.storyboard in Resources */,
				0FC1FBBB1B4BB53300DFD7DA /* LaunchScreen.xib in Resources */,
				0FC1FBB81B4BB53300DFD7DA /* Images.xcassets in Resources */,
			);
			runOnlyForDeploymentPostprocessing = 0;
		};
		0FC1FBBE1B4BB53300DFD7DA /* Resources */ = {
			isa = PBXResourcesBuildPhase;
			buildActionMask = 2147483647;
			files = (
			);
			runOnlyForDeploymentPostprocessing = 0;
		};
/* End PBXResourcesBuildPhase section */

/* Begin PBXSourcesBuildPhase section */
		0FC1FBA71B4BB53300DFD7DA /* Sources */ = {
			isa = PBXSourcesBuildPhase;
			buildActionMask = 2147483647;
			files = (
				0FC1FBB31B4BB53300DFD7DA /* ViewController.swift in Sources */,
				0FA433331B60C1900027CCF0 /* OtherViewController.swift in Sources */,
				0FC1FBD11B52720400DFD7DA /* BigButtonView.swift in Sources */,
				0FA433351B6C0A1B0027CCF0 /* OtherTwoViewController.swift in Sources */,
				0FA433391B75D7E90027CCF0 /* DrawCircleView.swift in Sources */,
				0FA433371B6D7CF90027CCF0 /* DrawArchView.swift in Sources */,
				0FC1FBB11B4BB53300DFD7DA /* AppDelegate.swift in Sources */,
			);
			runOnlyForDeploymentPostprocessing = 0;
		};
		0FC1FBBC1B4BB53300DFD7DA /* Sources */ = {
			isa = PBXSourcesBuildPhase;
			buildActionMask = 2147483647;
			files = (
				0FC1FBC71B4BB53300DFD7DA /* Mystery103Tests.swift in Sources */,
			);
			runOnlyForDeploymentPostprocessing = 0;
		};
/* End PBXSourcesBuildPhase section */

/* Begin PBXTargetDependency section */
		0FC1FBC21B4BB53300DFD7DA /* PBXTargetDependency */ = {
			isa = PBXTargetDependency;
			target = 0FC1FBAA1B4BB53300DFD7DA /* Mystery103 */;
			targetProxy = 0FC1FBC11B4BB53300DFD7DA /* PBXContainerItemProxy */;
		};
/* End PBXTargetDependency section */

/* Begin PBXVariantGroup section */
		0FC1FBB41B4BB53300DFD7DA /* Main.storyboard */ = {
			isa = PBXVariantGroup;
			children = (
				0FC1FBB51B4BB53300DFD7DA /* Base */,
			);
			name = Main.storyboard;
			sourceTree = "<group>";
		};
		0FC1FBB91B4BB53300DFD7DA /* LaunchScreen.xib */ = {
			isa = PBXVariantGroup;
			children = (
				0FC1FBBA1B4BB53300DFD7DA /* Base */,
			);
			name = LaunchScreen.xib;
			sourceTree = "<group>";
		};
/* End PBXVariantGroup section */

/* Begin XCBuildConfiguration section */
		0FC1FBC81B4BB53300DFD7DA /* Debug */ = {
			isa = XCBuildConfiguration;
			buildSettings = {
				ALWAYS_SEARCH_USER_PATHS = NO;
				CLANG_CXX_LANGUAGE_STANDARD = "gnu++0x";
				CLANG_CXX_LIBRARY = "libc++";
				CLANG_ENABLE_MODULES = YES;
				CLANG_ENABLE_OBJC_ARC = YES;
				CLANG_WARN_BOOL_CONVERSION = YES;
				CLANG_WARN_CONSTANT_CONVERSION = YES;
				CLANG_WARN_DIRECT_OBJC_ISA_USAGE = YES_ERROR;
				CLANG_WARN_EMPTY_BODY = YES;
				CLANG_WARN_ENUM_CONVERSION = YES;
				CLANG_WARN_INT_CONVERSION = YES;
				CLANG_WARN_OBJC_ROOT_CLASS = YES_ERROR;
				CLANG_WARN_UNREACHABLE_CODE = YES;
				CLANG_WARN__DUPLICATE_METHOD_MATCH = YES;
				"CODE_SIGN_IDENTITY[sdk=iphoneos*]" = "iPhone Developer";
				COPY_PHASE_STRIP = NO;
				ENABLE_STRICT_OBJC_MSGSEND = YES;
				GCC_C_LANGUAGE_STANDARD = gnu99;
				GCC_DYNAMIC_NO_PIC = NO;
				GCC_OPTIMIZATION_LEVEL = 0;
				GCC_PREPROCESSOR_DEFINITIONS = (
					"DEBUG=1",
					"$(inherited)",
				);
				GCC_SYMBOLS_PRIVATE_EXTERN = NO;
				GCC_WARN_64_TO_32_BIT_CONVERSION = YES;
				GCC_WARN_ABOUT_RETURN_TYPE = YES_ERROR;
				GCC_WARN_UNDECLARED_SELECTOR = YES;
				GCC_WARN_UNINITIALIZED_AUTOS = YES_AGGRESSIVE;
				GCC_WARN_UNUSED_FUNCTION = YES;
				GCC_WARN_UNUSED_VARIABLE = YES;
				IPHONEOS_DEPLOYMENT_TARGET = 8.1;
				MTL_ENABLE_DEBUG_INFO = YES;
				ONLY_ACTIVE_ARCH = YES;
				SDKROOT = iphoneos;
				SWIFT_OPTIMIZATION_LEVEL = "-Onone";
			};
			name = Debug;
		};
		0FC1FBC91B4BB53300DFD7DA /* Release */ = {
			isa = XCBuildConfiguration;
			buildSettings = {
				ALWAYS_SEARCH_USER_PATHS = NO;
				CLANG_CXX_LANGUAGE_STANDARD = "gnu++0x";
				CLANG_CXX_LIBRARY = "libc++";
				CLANG_ENABLE_MODULES = YES;
				CLANG_ENABLE_OBJC_ARC = YES;
				CLANG_WARN_BOOL_CONVERSION = YES;
				CLANG_WARN_CONSTANT_CONVERSION = YES;
				CLANG_WARN_DIRECT_OBJC_ISA_USAGE = YES_ERROR;
				CLANG_WARN_EMPTY_BODY = YES;
				CLANG_WARN_ENUM_CONVERSION = YES;
				CLANG_WARN_INT_CONVERSION = YES;
				CLANG_WARN_OBJC_ROOT_CLASS = YES_ERROR;
				CLANG_WARN_UNREACHABLE_CODE = YES;
				CLANG_WARN__DUPLICATE_METHOD_MATCH = YES;
				"CODE_SIGN_IDENTITY[sdk=iphoneos*]" = "iPhone Developer";
				COPY_PHASE_STRIP = YES;
				ENABLE_NS_ASSERTIONS = NO;
				ENABLE_STRICT_OBJC_MSGSEND = YES;
				GCC_C_LANGUAGE_STANDARD = gnu99;
				GCC_WARN_64_TO_32_BIT_CONVERSION = YES;
				GCC_WARN_ABOUT_RETURN_TYPE = YES_ERROR;
				GCC_WARN_UNDECLARED_SELECTOR = YES;
				GCC_WARN_UNINITIALIZED_AUTOS = YES_AGGRESSIVE;
				GCC_WARN_UNUSED_FUNCTION = YES;
				GCC_WARN_UNUSED_VARIABLE = YES;
				IPHONEOS_DEPLOYMENT_TARGET = 8.1;
				MTL_ENABLE_DEBUG_INFO = NO;
				SDKROOT = iphoneos;
				VALIDATE_PRODUCT = YES;
			};
			name = Release;
		};
		0FC1FBCB1B4BB53300DFD7DA /* Debug */ = {
			isa = XCBuildConfiguration;
			buildSettings = {
				ASSETCATALOG_COMPILER_APPICON_NAME = AppIcon;
				INFOPLIST_FILE = Mystery103/Info.plist;
				LD_RUNPATH_SEARCH_PATHS = "$(inherited) @executable_path/Frameworks";
				PRODUCT_NAME = "$(TARGET_NAME)";
			};
			name = Debug;
		};
		0FC1FBCC1B4BB53300DFD7DA /* Release */ = {
			isa = XCBuildConfiguration;
			buildSettings = {
				ASSETCATALOG_COMPILER_APPICON_NAME = AppIcon;
				INFOPLIST_FILE = Mystery103/Info.plist;
				LD_RUNPATH_SEARCH_PATHS = "$(inherited) @executable_path/Frameworks";
				PRODUCT_NAME = "$(TARGET_NAME)";
			};
			name = Release;
		};
		0FC1FBCE1B4BB53300DFD7DA /* Debug */ = {
			isa = XCBuildConfiguration;
			buildSettings = {
				BUNDLE_LOADER = "$(TEST_HOST)";
				FRAMEWORK_SEARCH_PATHS = (
					"$(SDKROOT)/Developer/Library/Frameworks",
					"$(inherited)",
				);
				GCC_PREPROCESSOR_DEFINITIONS = (
					"DEBUG=1",
					"$(inherited)",
				);
				INFOPLIST_FILE = Mystery103Tests/Info.plist;
				LD_RUNPATH_SEARCH_PATHS = "$(inherited) @executable_path/Frameworks @loader_path/Frameworks";
				PRODUCT_NAME = "$(TARGET_NAME)";
				TEST_HOST = "$(BUILT_PRODUCTS_DIR)/Mystery103.app/Mystery103";
			};
			name = Debug;
		};
		0FC1FBCF1B4BB53300DFD7DA /* Release */ = {
			isa = XCBuildConfiguration;
			buildSettings = {
				BUNDLE_LOADER = "$(TEST_HOST)";
				FRAMEWORK_SEARCH_PATHS = (
					"$(SDKROOT)/Developer/Library/Frameworks",
					"$(inherited)",
				);
				INFOPLIST_FILE = Mystery103Tests/Info.plist;
				LD_RUNPATH_SEARCH_PATHS = "$(inherited) @executable_path/Frameworks @loader_path/Frameworks";
				PRODUCT_NAME = "$(TARGET_NAME)";
				TEST_HOST = "$(BUILT_PRODUCTS_DIR)/Mystery103.app/Mystery103";
			};
			name = Release;
		};
/* End XCBuildConfiguration section */

/* Begin XCConfigurationList section */
		0FC1FBA61B4BB53300DFD7DA /* Build configuration list for PBXProject "Mystery103" */ = {
			isa = XCConfigurationList;
			buildConfigurations = (
				0FC1FBC81B4BB53300DFD7DA /* Debug */,
				0FC1FBC91B4BB53300DFD7DA /* Release */,
			);
			defaultConfigurationIsVisible = 0;
			defaultConfigurationName = Release;
		};
		0FC1FBCA1B4BB53300DFD7DA /* Build configuration list for PBXNativeTarget "Mystery103" */ = {
			isa = XCConfigurationList;
			buildConfigurations = (
				0FC1FBCB1B4BB53300DFD7DA /* Debug */,
				0FC1FBCC1B4BB53300DFD7DA /* Release */,
			);
			defaultConfigurationIsVisible = 0;
			defaultConfigurationName = Release;
		};
		0FC1FBCD1B4BB53300DFD7DA /* Build configuration list for PBXNativeTarget "Mystery103Tests" */ = {
			isa = XCConfigurationList;
			buildConfigurations = (
				0FC1FBCE1B4BB53300DFD7DA /* Debug */,
				0FC1FBCF1B4BB53300DFD7DA /* Release */,
			);
			defaultConfigurationIsVisible = 0;
			defaultConfigurationName = Release;
		};
/* End XCConfigurationList section */
	};
	rootObject = 0FC1FBA31B4BB53300DFD7DA /* Project object */;
}
